
Microsoft Visual Studio Solution File, Format Version 12.00
# Visual Studio Version 16
VisualStudioVersion = 16.0.33423.256
MinimumVisualStudioVersion = 10.0.40219.1
Project("{FAE04EC0-301F-11D3-BF4B-00C04F79EFBC}") = "YourProjectName.Foundation.Security", "Foundation\Security\YourProjectName.Foundation.Security\YourProjectName.Foundation.Security.csproj", "{6DE273FD-A4C9-4F37-A1C1-C96F27FCA4A2}"
EndProject
Global
	GlobalSection(SolutionConfigurationPlatforms) = preSolution
		Debug|Any CPU = Debug|Any CPU
		Release|Any CPU = Release|Any CPU
	EndGlobalSection
	GlobalSection(ProjectConfigurationPlatforms) = postSolution
		{6DE273FD-A4C9-4F37-A1C1-C96F27FCA4A2}.Debug|Any CPU.ActiveCfg = Debug|Any CPU
		{6DE273FD-A4C9-4F37-A1C1-C96F27FCA4A2}.Debug|Any CPU.Build.0 = Debug|Any CPU
		{6DE273FD-A4C9-4F37-A1C1-C96F27FCA4A2}.Release|Any CPU.ActiveCfg = Release|Any CPU
		{6DE273FD-A4C9-4F37-A1C1-C96F27FCA4A2}.Release|Any CPU.Build.0 = Release|Any CPU
	EndGlobalSection
	GlobalSection(SolutionProperties) = preSolution
		HideSolutionNode = FALSE
	EndGlobalSection
	GlobalSection(ExtensibilityGlobals) = postSolution
		SolutionGuid = {2541E92B-347A-48F4-BF4A-41F3C7F22CDD}
	EndGlobalSection
EndGlobal
